
Microsoft Visual Studio Solution File, Format Version 12.00
# Visual Studio Version 17
VisualStudioVersion = 17.1.32414.318
MinimumVisualStudioVersion = 10.0.40219.1
Project("{2150E333-8FDC-42A3-9474-1A3956D46DE8}") = "v1", "v1", "{8B238EF6-E9A8-466A-8C49-60CD53CC478B}"
EndProject
Project("{9A19103F-16F7-4668-BE54-9A1E7A4F7556}") = "Notifications", "v1\Notifications.csproj", "{7E4E0BEE-F43B-4D8F-8670-1DAF027FFC21}"
EndProject
Project("{2150E333-8FDC-42A3-9474-1A3956D46DE8}") = "v2", "v2", "{DD107512-978A-4102-99DD-B4FDE54667D6}"
EndProject
Project("{9A19103F-16F7-4668-BE54-9A1E7A4F7556}") = "Notifications", "v2\Notifications.csproj", "{3606DE2F-65E3-4380-B807-8233E72C5C2C}"
EndProject
Project("{2150E333-8FDC-42A3-9474-1A3956D46DE8}") = "v3", "v3", "{42C653AD-381C-43F7-AD27-9761B0E2704A}"
EndProject
Project("{9A19103F-16F7-4668-BE54-9A1E7A4F7556}") = "Notifications", "v3\Notifications.csproj", "{3A2E50C9-B775-42C5-9EAE-AF1531EFCADC}"
EndProject
Project("{2150E333-8FDC-42A3-9474-1A3956D46DE8}") = "v4", "v4", "{91FD955B-651B-4A90-8256-E9771E4CCBC5}"
EndProject
Project("{9A19103F-16F7-4668-BE54-9A1E7A4F7556}") = "Mediator", "v4\Mediator\Mediator.csproj", "{1588143B-4255-46BD-ADEF-FC27AD4091EA}"
EndProject
Project("{9A19103F-16F7-4668-BE54-9A1E7A4F7556}") = "CommandsAndHandlers", "v4\CommandsAndHandlers\CommandsAndHandlers.csproj", "{6A16E2FE-E6C5-41D3-9B83-C449419C22D7}"
EndProject
Project("{FAE04EC0-301F-11D3-BF4B-00C04F79EFBC}") = "MediatorClient", "v4\MediatorClient\MediatorClient.csproj", "{D07BF6FC-1E4E-43DD-B006-28423B349D8D}"
EndProject
Project("{2150E333-8FDC-42A3-9474-1A3956D46DE8}") = "v5", "v5", "{5E67978E-4295-4F7D-ABAB-CCE5E20822C6}"
EndProject
Project("{FAE04EC0-301F-11D3-BF4B-00C04F79EFBC}") = "MediatRDemo", "v5\MediatRDemo\MediatRDemo.csproj", "{3C5B4B85-0107-4CA0-97E9-7A76567EE93D}"
EndProject
Global
	GlobalSection(SolutionConfigurationPlatforms) = preSolution
		Debug|Any CPU = Debug|Any CPU
		Release|Any CPU = Release|Any CPU
	EndGlobalSection
	GlobalSection(ProjectConfigurationPlatforms) = postSolution
		{7E4E0BEE-F43B-4D8F-8670-1DAF027FFC21}.Debug|Any CPU.ActiveCfg = Debug|Any CPU
		{7E4E0BEE-F43B-4D8F-8670-1DAF027FFC21}.Debug|Any CPU.Build.0 = Debug|Any CPU
		{7E4E0BEE-F43B-4D8F-8670-1DAF027FFC21}.Release|Any CPU.ActiveCfg = Release|Any CPU
		{7E4E0BEE-F43B-4D8F-8670-1DAF027FFC21}.Release|Any CPU.Build.0 = Release|Any CPU
		{3606DE2F-65E3-4380-B807-8233E72C5C2C}.Debug|Any CPU.ActiveCfg = Debug|Any CPU
		{3606DE2F-65E3-4380-B807-8233E72C5C2C}.Debug|Any CPU.Build.0 = Debug|Any CPU
		{3606DE2F-65E3-4380-B807-8233E72C5C2C}.Release|Any CPU.ActiveCfg = Release|Any CPU
		{3606DE2F-65E3-4380-B807-8233E72C5C2C}.Release|Any CPU.Build.0 = Release|Any CPU
		{3A2E50C9-B775-42C5-9EAE-AF1531EFCADC}.Debug|Any CPU.ActiveCfg = Debug|Any CPU
		{3A2E50C9-B775-42C5-9EAE-AF1531EFCADC}.Debug|Any CPU.Build.0 = Debug|Any CPU
		{3A2E50C9-B775-42C5-9EAE-AF1531EFCADC}.Release|Any CPU.ActiveCfg = Release|Any CPU
		{3A2E50C9-B775-42C5-9EAE-AF1531EFCADC}.Release|Any CPU.Build.0 = Release|Any CPU
		{1588143B-4255-46BD-ADEF-FC27AD4091EA}.Debug|Any CPU.ActiveCfg = Debug|Any CPU
		{1588143B-4255-46BD-ADEF-FC27AD4091EA}.Debug|Any CPU.Build.0 = Debug|Any CPU
		{1588143B-4255-46BD-ADEF-FC27AD4091EA}.Release|Any CPU.ActiveCfg = Release|Any CPU
		{1588143B-4255-46BD-ADEF-FC27AD4091EA}.Release|Any CPU.Build.0 = Release|Any CPU
		{6A16E2FE-E6C5-41D3-9B83-C449419C22D7}.Debug|Any CPU.ActiveCfg = Debug|Any CPU
		{6A16E2FE-E6C5-41D3-9B83-C449419C22D7}.Debug|Any CPU.Build.0 = Debug|Any CPU
		{6A16E2FE-E6C5-41D3-9B83-C449419C22D7}.Release|Any CPU.ActiveCfg = Release|Any CPU
		{6A16E2FE-E6C5-41D3-9B83-C449419C22D7}.Release|Any CPU.Build.0 = Release|Any CPU
		{D07BF6FC-1E4E-43DD-B006-28423B349D8D}.Debug|Any CPU.ActiveCfg = Debug|Any CPU
		{D07BF6FC-1E4E-43DD-B006-28423B349D8D}.Debug|Any CPU.Build.0 = Debug|Any CPU
		{D07BF6FC-1E4E-43DD-B006-28423B349D8D}.Release|Any CPU.ActiveCfg = Release|Any CPU
		{D07BF6FC-1E4E-43DD-B006-28423B349D8D}.Release|Any CPU.Build.0 = Release|Any CPU
		{3C5B4B85-0107-4CA0-97E9-7A76567EE93D}.Debug|Any CPU.ActiveCfg = Debug|Any CPU
		{3C5B4B85-0107-4CA0-97E9-7A76567EE93D}.Debug|Any CPU.Build.0 = Debug|Any CPU
		{3C5B4B85-0107-4CA0-97E9-7A76567EE93D}.Release|Any CPU.ActiveCfg = Release|Any CPU
		{3C5B4B85-0107-4CA0-97E9-7A76567EE93D}.Release|Any CPU.Build.0 = Release|Any CPU
	EndGlobalSection
	GlobalSection(SolutionProperties) = preSolution
		HideSolutionNode = FALSE
	EndGlobalSection
	GlobalSection(NestedProjects) = preSolution
		{7E4E0BEE-F43B-4D8F-8670-1DAF027FFC21} = {8B238EF6-E9A8-466A-8C49-60CD53CC478B}
		{3606DE2F-65E3-4380-B807-8233E72C5C2C} = {DD107512-978A-4102-99DD-B4FDE54667D6}
		{3A2E50C9-B775-42C5-9EAE-AF1531EFCADC} = {42C653AD-381C-43F7-AD27-9761B0E2704A}
		{1588143B-4255-46BD-ADEF-FC27AD4091EA} = {91FD955B-651B-4A90-8256-E9771E4CCBC5}
		{6A16E2FE-E6C5-41D3-9B83-C449419C22D7} = {91FD955B-651B-4A90-8256-E9771E4CCBC5}
		{D07BF6FC-1E4E-43DD-B006-28423B349D8D} = {91FD955B-651B-4A90-8256-E9771E4CCBC5}
		{3C5B4B85-0107-4CA0-97E9-7A76567EE93D} = {5E67978E-4295-4F7D-ABAB-CCE5E20822C6}
	EndGlobalSection
	GlobalSection(ExtensibilityGlobals) = postSolution
		SolutionGuid = {9519018E-D528-4455-89AD-F5DFF3377E01}
	EndGlobalSection
EndGlobal
